
Microsoft Visual Studio Solution File, Format Version 12.00
# Visual Studio Version 17
VisualStudioVersion = 17.9.34622.214
MinimumVisualStudioVersion = 10.0.40219.1
Project("{9A19103F-16F7-4668-BE54-9A1E7A4F7556}") = "TestLibBlobStorage", "Testing\TestLibBlobStorage.csproj", "{04A428B2-7A2C-4C3D-9A17-23251BB37B34}"
EndProject
Project("{9A19103F-16F7-4668-BE54-9A1E7A4F7556}") = "LibBlobStorage", "src\LibBlobStorage\LibBlobStorage.csproj", "{4BC38722-62DB-4818-A1EC-903893F3DDFC}"
EndProject
Global
	GlobalSection(SolutionConfigurationPlatforms) = preSolution
		Debug|Any CPU = Debug|Any CPU
		Release|Any CPU = Release|Any CPU
	EndGlobalSection
	GlobalSection(ProjectConfigurationPlatforms) = postSolution
		{04A428B2-7A2C-4C3D-9A17-23251BB37B34}.Debug|Any CPU.ActiveCfg = Debug|Any CPU
		{04A428B2-7A2C-4C3D-9A17-23251BB37B34}.Debug|Any CPU.Build.0 = Debug|Any CPU
		{04A428B2-7A2C-4C3D-9A17-23251BB37B34}.Release|Any CPU.ActiveCfg = Release|Any CPU
		{04A428B2-7A2C-4C3D-9A17-23251BB37B34}.Release|Any CPU.Build.0 = Release|Any CPU
		{4BC38722-62DB-4818-A1EC-903893F3DDFC}.Debug|Any CPU.ActiveCfg = Debug|Any CPU
		{4BC38722-62DB-4818-A1EC-903893F3DDFC}.Debug|Any CPU.Build.0 = Debug|Any CPU
		{4BC38722-62DB-4818-A1EC-903893F3DDFC}.Release|Any CPU.ActiveCfg = Release|Any CPU
		{4BC38722-62DB-4818-A1EC-903893F3DDFC}.Release|Any CPU.Build.0 = Release|Any CPU
	EndGlobalSection
	GlobalSection(SolutionProperties) = preSolution
		HideSolutionNode = FALSE
	EndGlobalSection
	GlobalSection(ExtensibilityGlobals) = postSolution
		SolutionGuid = {B646CE4A-FE92-42F2-9C2E-7B17AF612B20}
	EndGlobalSection
EndGlobal
